// !$*UTF8*$!
{
	archiveVersion = 1;
	classes = {
	};
	objectVersion = 48;
	objects = {

/* Begin PBXBuildFile section */
		209460741FA8AB8F00555F06 /* AppDelegate.swift in Sources */ = {isa = PBXBuildFile; fileRef = 209460731FA8AB8F00555F06 /* AppDelegate.swift */; };
		209460761FA8AB8F00555F06 /* ViewController.swift in Sources */ = {isa = PBXBuildFile; fileRef = 209460751FA8AB8F00555F06 /* ViewController.swift */; };
		209460791FA8AB8F00555F06 /* Main.storyboard in Resources */ = {isa = PBXBuildFile; fileRef = 209460771FA8AB8F00555F06 /* Main.storyboard */; };
		2094607B1FA8AB8F00555F06 /* Assets.xcassets in Resources */ = {isa = PBXBuildFile; fileRef = 2094607A1FA8AB8F00555F06 /* Assets.xcassets */; };
		2094607E1FA8AB8F00555F06 /* LaunchScreen.storyboard in Resources */ = {isa = PBXBuildFile; fileRef = 2094607C1FA8AB8F00555F06 /* LaunchScreen.storyboard */; };
		209460891FA8AB8F00555F06 /* GitcoinTests.swift in Sources */ = {isa = PBXBuildFile; fileRef = 209460881FA8AB8F00555F06 /* GitcoinTests.swift */; };
		209460941FA8AB8F00555F06 /* GitcoinUITests.swift in Sources */ = {isa = PBXBuildFile; fileRef = 209460931FA8AB8F00555F06 /* GitcoinUITests.swift */; };
/* End PBXBuildFile section */

/* Begin PBXContainerItemProxy section */
		209460851FA8AB8F00555F06 /* PBXContainerItemProxy */ = {
			isa = PBXContainerItemProxy;
			containerPortal = 209460681FA8AB8F00555F06 /* Project object */;
			proxyType = 1;
			remoteGlobalIDString = 2094606F1FA8AB8F00555F06;
			remoteInfo = Gitcoin;
		};
		209460901FA8AB8F00555F06 /* PBXContainerItemProxy */ = {
			isa = PBXContainerItemProxy;
			containerPortal = 209460681FA8AB8F00555F06 /* Project object */;
			proxyType = 1;
			remoteGlobalIDString = 2094606F1FA8AB8F00555F06;
			remoteInfo = Gitcoin;
		};
/* End PBXContainerItemProxy section */

/* Begin PBXFileReference section */
		209460701FA8AB8F00555F06 /* Gitcoin.app */ = {isa = PBXFileReference; explicitFileType = wrapper.application; includeInIndex = 0; path = Gitcoin.app; sourceTree = BUILT_PRODUCTS_DIR; };
		209460731FA8AB8F00555F06 /* AppDelegate.swift */ = {isa = PBXFileReference; lastKnownFileType = sourcecode.swift; path = AppDelegate.swift; sourceTree = "<group>"; };
		209460751FA8AB8F00555F06 /* ViewController.swift */ = {isa = PBXFileReference; lastKnownFileType = sourcecode.swift; path = ViewController.swift; sourceTree = "<group>"; };
		209460781FA8AB8F00555F06 /* Base */ = {isa = PBXFileReference; lastKnownFileType = file.storyboard; name = Base; path = Base.lproj/Main.storyboard; sourceTree = "<group>"; };
		2094607A1FA8AB8F00555F06 /* Assets.xcassets */ = {isa = PBXFileReference; lastKnownFileType = folder.assetcatalog; path = Assets.xcassets; sourceTree = "<group>"; };
		2094607D1FA8AB8F00555F06 /* Base */ = {isa = PBXFileReference; lastKnownFileType = file.storyboard; name = Base; path = Base.lproj/LaunchScreen.storyboard; sourceTree = "<group>"; };
		2094607F1FA8AB8F00555F06 /* Info.plist */ = {isa = PBXFileReference; lastKnownFileType = text.plist.xml; path = Info.plist; sourceTree = "<group>"; };
		209460841FA8AB8F00555F06 /* GitcoinTests.xctest */ = {isa = PBXFileReference; explicitFileType = wrapper.cfbundle; includeInIndex = 0; path = GitcoinTests.xctest; sourceTree = BUILT_PRODUCTS_DIR; };
		209460881FA8AB8F00555F06 /* GitcoinTests.swift */ = {isa = PBXFileReference; lastKnownFileType = sourcecode.swift; path = GitcoinTests.swift; sourceTree = "<group>"; };
		2094608A1FA8AB8F00555F06 /* Info.plist */ = {isa = PBXFileReference; lastKnownFileType = text.plist.xml; path = Info.plist; sourceTree = "<group>"; };
		2094608F1FA8AB8F00555F06 /* GitcoinUITests.xctest */ = {isa = PBXFileReference; explicitFileType = wrapper.cfbundle; includeInIndex = 0; path = GitcoinUITests.xctest; sourceTree = BUILT_PRODUCTS_DIR; };
		209460931FA8AB8F00555F06 /* GitcoinUITests.swift */ = {isa = PBXFileReference; lastKnownFileType = sourcecode.swift; path = GitcoinUITests.swift; sourceTree = "<group>"; };
		209460951FA8AB8F00555F06 /* Info.plist */ = {isa = PBXFileReference; lastKnownFileType = text.plist.xml; path = Info.plist; sourceTree = "<group>"; };
/* End PBXFileReference section */

/* Begin PBXFrameworksBuildPhase section */
		2094606D1FA8AB8F00555F06 /* Frameworks */ = {
			isa = PBXFrameworksBuildPhase;
			buildActionMask = 2147483647;
			files = (
			);
			runOnlyForDeploymentPostprocessing = 0;
		};
		209460811FA8AB8F00555F06 /* Frameworks */ = {
			isa = PBXFrameworksBuildPhase;
			buildActionMask = 2147483647;
			files = (
			);
			runOnlyForDeploymentPostprocessing = 0;
		};
		2094608C1FA8AB8F00555F06 /* Frameworks */ = {
			isa = PBXFrameworksBuildPhase;
			buildActionMask = 2147483647;
			files = (
			);
			runOnlyForDeploymentPostprocessing = 0;
		};
/* End PBXFrameworksBuildPhase section */

/* Begin PBXGroup section */
		209460671FA8AB8F00555F06 = {
			isa = PBXGroup;
			children = (
				209460721FA8AB8F00555F06 /* Gitcoin */,
				209460871FA8AB8F00555F06 /* GitcoinTests */,
				209460921FA8AB8F00555F06 /* GitcoinUITests */,
				209460711FA8AB8F00555F06 /* Products */,
			);
			sourceTree = "<group>";
		};
		209460711FA8AB8F00555F06 /* Products */ = {
			isa = PBXGroup;
			children = (
				209460701FA8AB8F00555F06 /* Gitcoin.app */,
				209460841FA8AB8F00555F06 /* GitcoinTests.xctest */,
				2094608F1FA8AB8F00555F06 /* GitcoinUITests.xctest */,
			);
			name = Products;
			sourceTree = "<group>";
		};
		209460721FA8AB8F00555F06 /* Gitcoin */ = {
			isa = PBXGroup;
			children = (
				209460731FA8AB8F00555F06 /* AppDelegate.swift */,
				209460751FA8AB8F00555F06 /* ViewController.swift */,
				209460771FA8AB8F00555F06 /* Main.storyboard */,
				2094607A1FA8AB8F00555F06 /* Assets.xcassets */,
				2094607C1FA8AB8F00555F06 /* LaunchScreen.storyboard */,
				2094607F1FA8AB8F00555F06 /* Info.plist */,
			);
			path = Gitcoin;
			sourceTree = "<group>";
		};
		209460871FA8AB8F00555F06 /* GitcoinTests */ = {
			isa = PBXGroup;
			children = (
				209460881FA8AB8F00555F06 /* GitcoinTests.swift */,
				2094608A1FA8AB8F00555F06 /* Info.plist */,
			);
			path = GitcoinTests;
			sourceTree = "<group>";
		};
		209460921FA8AB8F00555F06 /* GitcoinUITests */ = {
			isa = PBXGroup;
			children = (
				209460931FA8AB8F00555F06 /* GitcoinUITests.swift */,
				209460951FA8AB8F00555F06 /* Info.plist */,
			);
			path = GitcoinUITests;
			sourceTree = "<group>";
		};
/* End PBXGroup section */

/* Begin PBXNativeTarget section */
		2094606F1FA8AB8F00555F06 /* Gitcoin */ = {
			isa = PBXNativeTarget;
			buildConfigurationList = 209460981FA8AB8F00555F06 /* Build configuration list for PBXNativeTarget "Gitcoin" */;
			buildPhases = (
				2094606C1FA8AB8F00555F06 /* Sources */,
				2094606D1FA8AB8F00555F06 /* Frameworks */,
				2094606E1FA8AB8F00555F06 /* Resources */,
			);
			buildRules = (
			);
			dependencies = (
			);
			name = Gitcoin;
			productName = Gitcoin;
			productReference = 209460701FA8AB8F00555F06 /* Gitcoin.app */;
			productType = "com.apple.product-type.application";
		};
		209460831FA8AB8F00555F06 /* GitcoinTests */ = {
			isa = PBXNativeTarget;
			buildConfigurationList = 2094609B1FA8AB8F00555F06 /* Build configuration list for PBXNativeTarget "GitcoinTests" */;
			buildPhases = (
				209460801FA8AB8F00555F06 /* Sources */,
				209460811FA8AB8F00555F06 /* Frameworks */,
				209460821FA8AB8F00555F06 /* Resources */,
			);
			buildRules = (
			);
			dependencies = (
				209460861FA8AB8F00555F06 /* PBXTargetDependency */,
			);
			name = GitcoinTests;
			productName = GitcoinTests;
			productReference = 209460841FA8AB8F00555F06 /* GitcoinTests.xctest */;
			productType = "com.apple.product-type.bundle.unit-test";
		};
		2094608E1FA8AB8F00555F06 /* GitcoinUITests */ = {
			isa = PBXNativeTarget;
			buildConfigurationList = 2094609E1FA8AB8F00555F06 /* Build configuration list for PBXNativeTarget "GitcoinUITests" */;
			buildPhases = (
				2094608B1FA8AB8F00555F06 /* Sources */,
				2094608C1FA8AB8F00555F06 /* Frameworks */,
				2094608D1FA8AB8F00555F06 /* Resources */,
			);
			buildRules = (
			);
			dependencies = (
				209460911FA8AB8F00555F06 /* PBXTargetDependency */,
			);
			name = GitcoinUITests;
			productName = GitcoinUITests;
			productReference = 2094608F1FA8AB8F00555F06 /* GitcoinUITests.xctest */;
			productType = "com.apple.product-type.bundle.ui-testing";
		};
/* End PBXNativeTarget section */

/* Begin PBXProject section */
		209460681FA8AB8F00555F06 /* Project object */ = {
			isa = PBXProject;
			attributes = {
				LastSwiftUpdateCheck = 0900;
				LastUpgradeCheck = 0900;
				ORGANIZATIONNAME = Gitcoin;
				TargetAttributes = {
					2094606F1FA8AB8F00555F06 = {
						CreatedOnToolsVersion = 9.0.1;
						ProvisioningStyle = Automatic;
					};
					209460831FA8AB8F00555F06 = {
						CreatedOnToolsVersion = 9.0.1;
						ProvisioningStyle = Automatic;
						TestTargetID = 2094606F1FA8AB8F00555F06;
					};
					2094608E1FA8AB8F00555F06 = {
						CreatedOnToolsVersion = 9.0.1;
						ProvisioningStyle = Automatic;
						TestTargetID = 2094606F1FA8AB8F00555F06;
					};
				};
			};
			buildConfigurationList = 2094606B1FA8AB8F00555F06 /* Build configuration list for PBXProject "Gitcoin" */;
			compatibilityVersion = "Xcode 8.0";
			developmentRegion = en;
			hasScannedForEncodings = 0;
			knownRegions = (
				en,
				Base,
			);
			mainGroup = 209460671FA8AB8F00555F06;
			productRefGroup = 209460711FA8AB8F00555F06 /* Products */;
			projectDirPath = "";
			projectRoot = "";
			targets = (
				2094606F1FA8AB8F00555F06 /* Gitcoin */,
				209460831FA8AB8F00555F06 /* GitcoinTests */,
				2094608E1FA8AB8F00555F06 /* GitcoinUITests */,
			);
		};
/* End PBXProject section */

/* Begin PBXResourcesBuildPhase section */
		2094606E1FA8AB8F00555F06 /* Resources */ = {
			isa = PBXResourcesBuildPhase;
			buildActionMask = 2147483647;
			files = (
				2094607E1FA8AB8F00555F06 /* LaunchScreen.storyboard in Resources */,
				2094607B1FA8AB8F00555F06 /* Assets.xcassets in Resources */,
				209460791FA8AB8F00555F06 /* Main.storyboard in Resources */,
			);
			runOnlyForDeploymentPostprocessing = 0;
		};
		209460821FA8AB8F00555F06 /* Resources */ = {
			isa = PBXResourcesBuildPhase;
			buildActionMask = 2147483647;
			files = (
			);
			runOnlyForDeploymentPostprocessing = 0;
		};
		2094608D1FA8AB8F00555F06 /* Resources */ = {
			isa = PBXResourcesBuildPhase;
			buildActionMask = 2147483647;
			files = (
			);
			runOnlyForDeploymentPostprocessing = 0;
		};
/* End PBXResourcesBuildPhase section */

/* Begin PBXSourcesBuildPhase section */
		2094606C1FA8AB8F00555F06 /* Sources */ = {
			isa = PBXSourcesBuildPhase;
			buildActionMask = 2147483647;
			files = (
				209460761FA8AB8F00555F06 /* ViewController.swift in Sources */,
				209460741FA8AB8F00555F06 /* AppDelegate.swift in Sources */,
			);
			runOnlyForDeploymentPostprocessing = 0;
		};
		209460801FA8AB8F00555F06 /* Sources */ = {
			isa = PBXSourcesBuildPhase;
			buildActionMask = 2147483647;
			files = (
				209460891FA8AB8F00555F06 /* GitcoinTests.swift in Sources */,
			);
			runOnlyForDeploymentPostprocessing = 0;
		};
		2094608B1FA8AB8F00555F06 /* Sources */ = {
			isa = PBXSourcesBuildPhase;
			buildActionMask = 2147483647;
			files = (
				209460941FA8AB8F00555F06 /* GitcoinUITests.swift in Sources */,
			);
			runOnlyForDeploymentPostprocessing = 0;
		};
/* End PBXSourcesBuildPhase section */

/* Begin PBXTargetDependency section */
		209460861FA8AB8F00555F06 /* PBXTargetDependency */ = {
			isa = PBXTargetDependency;
			target = 2094606F1FA8AB8F00555F06 /* Gitcoin */;
			targetProxy = 209460851FA8AB8F00555F06 /* PBXContainerItemProxy */;
		};
		209460911FA8AB8F00555F06 /* PBXTargetDependency */ = {
			isa = PBXTargetDependency;
			target = 2094606F1FA8AB8F00555F06 /* Gitcoin */;
			targetProxy = 209460901FA8AB8F00555F06 /* PBXContainerItemProxy */;
		};
/* End PBXTargetDependency section */

/* Begin PBXVariantGroup section */
		209460771FA8AB8F00555F06 /* Main.storyboard */ = {
			isa = PBXVariantGroup;
			children = (
				209460781FA8AB8F00555F06 /* Base */,
			);
			name = Main.storyboard;
			sourceTree = "<group>";
		};
		2094607C1FA8AB8F00555F06 /* LaunchScreen.storyboard */ = {
			isa = PBXVariantGroup;
			children = (
				2094607D1FA8AB8F00555F06 /* Base */,
			);
			name = LaunchScreen.storyboard;
			sourceTree = "<group>";
		};
/* End PBXVariantGroup section */

/* Begin XCBuildConfiguration section */
		209460961FA8AB8F00555F06 /* Debug */ = {
			isa = XCBuildConfiguration;
			buildSettings = {
				ALWAYS_SEARCH_USER_PATHS = NO;
				CLANG_ANALYZER_NONNULL = YES;
				CLANG_ANALYZER_NUMBER_OBJECT_CONVERSION = YES_AGGRESSIVE;
				CLANG_CXX_LANGUAGE_STANDARD = "gnu++14";
				CLANG_CXX_LIBRARY = "libc++";
				CLANG_ENABLE_MODULES = YES;
				CLANG_ENABLE_OBJC_ARC = YES;
				CLANG_WARN_BLOCK_CAPTURE_AUTORELEASING = YES;
				CLANG_WARN_BOOL_CONVERSION = YES;
				CLANG_WARN_COMMA = YES;
				CLANG_WARN_CONSTANT_CONVERSION = YES;
				CLANG_WARN_DIRECT_OBJC_ISA_USAGE = YES_ERROR;
				CLANG_WARN_DOCUMENTATION_COMMENTS = YES;
				CLANG_WARN_EMPTY_BODY = YES;
				CLANG_WARN_ENUM_CONVERSION = YES;
				CLANG_WARN_INFINITE_RECURSION = YES;
				CLANG_WARN_INT_CONVERSION = YES;
				CLANG_WARN_NON_LITERAL_NULL_CONVERSION = YES;
				CLANG_WARN_OBJC_LITERAL_CONVERSION = YES;
				CLANG_WARN_OBJC_ROOT_CLASS = YES_ERROR;
				CLANG_WARN_RANGE_LOOP_ANALYSIS = YES;
				CLANG_WARN_STRICT_PROTOTYPES = YES;
				CLANG_WARN_SUSPICIOUS_MOVE = YES;
				CLANG_WARN_UNGUARDED_AVAILABILITY = YES_AGGRESSIVE;
				CLANG_WARN_UNREACHABLE_CODE = YES;
				CLANG_WARN__DUPLICATE_METHOD_MATCH = YES;
				CODE_SIGN_IDENTITY = "iPhone Developer";
				COPY_PHASE_STRIP = NO;
				DEBUG_INFORMATION_FORMAT = dwarf;
				ENABLE_STRICT_OBJC_MSGSEND = YES;
				ENABLE_TESTABILITY = YES;
				GCC_C_LANGUAGE_STANDARD = gnu11;
				GCC_DYNAMIC_NO_PIC = NO;
				GCC_NO_COMMON_BLOCKS = YES;
				GCC_OPTIMIZATION_LEVEL = 0;
				GCC_PREPROCESSOR_DEFINITIONS = (
					"DEBUG=1",
					"$(inherited)",
				);
				GCC_WARN_64_TO_32_BIT_CONVERSION = YES;
				GCC_WARN_ABOUT_RETURN_TYPE = YES_ERROR;
				GCC_WARN_UNDECLARED_SELECTOR = YES;
				GCC_WARN_UNINITIALIZED_AUTOS = YES_AGGRESSIVE;
				GCC_WARN_UNUSED_FUNCTION = YES;
				GCC_WARN_UNUSED_VARIABLE = YES;
				IPHONEOS_DEPLOYMENT_TARGET = 11.0;
				MTL_ENABLE_DEBUG_INFO = YES;
				ONLY_ACTIVE_ARCH = YES;
				SDKROOT = iphoneos;
				SWIFT_ACTIVE_COMPILATION_CONDITIONS = DEBUG;
				SWIFT_OPTIMIZATION_LEVEL = "-Onone";
			};
			name = Debug;
		};
		209460971FA8AB8F00555F06 /* Release */ = {
			isa = XCBuildConfiguration;
			buildSettings = {
				ALWAYS_SEARCH_USER_PATHS = NO;
				CLANG_ANALYZER_NONNULL = YES;
				CLANG_ANALYZER_NUMBER_OBJECT_CONVERSION = YES_AGGRESSIVE;
				CLANG_CXX_LANGUAGE_STANDARD = "gnu++14";
				CLANG_CXX_LIBRARY = "libc++";
				CLANG_ENABLE_MODULES = YES;
				CLANG_ENABLE_OBJC_ARC = YES;
				CLANG_WARN_BLOCK_CAPTURE_AUTORELEASING = YES;
				CLANG_WARN_BOOL_CONVERSION = YES;
				CLANG_WARN_COMMA = YES;
				CLANG_WARN_CONSTANT_CONVERSION = YES;
				CLANG_WARN_DIRECT_OBJC_ISA_USAGE = YES_ERROR;
				CLANG_WARN_DOCUMENTATION_COMMENTS = YES;
				CLANG_WARN_EMPTY_BODY = YES;
				CLANG_WARN_ENUM_CONVERSION = YES;
				CLANG_WARN_INFINITE_RECURSION = YES;
				CLANG_WARN_INT_CONVERSION = YES;
				CLANG_WARN_NON_LITERAL_NULL_CONVERSION = YES;
				CLANG_WARN_OBJC_LITERAL_CONVERSION = YES;
				CLANG_WARN_OBJC_ROOT_CLASS = YES_ERROR;
				CLANG_WARN_RANGE_LOOP_ANALYSIS = YES;
				CLANG_WARN_STRICT_PROTOTYPES = YES;
				CLANG_WARN_SUSPICIOUS_MOVE = YES;
				CLANG_WARN_UNGUARDED_AVAILABILITY = YES_AGGRESSIVE;
				CLANG_WARN_UNREACHABLE_CODE = YES;
				CLANG_WARN__DUPLICATE_METHOD_MATCH = YES;
				CODE_SIGN_IDENTITY = "iPhone Developer";
				COPY_PHASE_STRIP = NO;
				DEBUG_INFORMATION_FORMAT = "dwarf-with-dsym";
				ENABLE_NS_ASSERTIONS = NO;
				ENABLE_STRICT_OBJC_MSGSEND = YES;
				GCC_C_LANGUAGE_STANDARD = gnu11;
				GCC_NO_COMMON_BLOCKS = YES;
				GCC_WARN_64_TO_32_BIT_CONVERSION = YES;
				GCC_WARN_ABOUT_RETURN_TYPE = YES_ERROR;
				GCC_WARN_UNDECLARED_SELECTOR = YES;
				GCC_WARN_UNINITIALIZED_AUTOS = YES_AGGRESSIVE;
				GCC_WARN_UNUSED_FUNCTION = YES;
				GCC_WARN_UNUSED_VARIABLE = YES;
				IPHONEOS_DEPLOYMENT_TARGET = 11.0;
				MTL_ENABLE_DEBUG_INFO = NO;
				SDKROOT = iphoneos;
				SWIFT_OPTIMIZATION_LEVEL = "-Owholemodule";
				VALIDATE_PRODUCT = YES;
			};
			name = Release;
		};
		209460991FA8AB8F00555F06 /* Debug */ = {
			isa = XCBuildConfiguration;
			buildSettings = {
				ASSETCATALOG_COMPILER_APPICON_NAME = AppIcon;
				CODE_SIGN_STYLE = Automatic;
				INFOPLIST_FILE = Gitcoin/Info.plist;
				LD_RUNPATH_SEARCH_PATHS = "$(inherited) @executable_path/Frameworks";
				PRODUCT_BUNDLE_IDENTIFIER = Gitcoin.Gitcoin;
				PRODUCT_NAME = "$(TARGET_NAME)";
				SWIFT_VERSION = 4.0;
				TARGETED_DEVICE_FAMILY = "1,2";
			};
			name = Debug;
		};
		2094609A1FA8AB8F00555F06 /* Release */ = {
			isa = XCBuildConfiguration;
			buildSettings = {
				ASSETCATALOG_COMPILER_APPICON_NAME = AppIcon;
				CODE_SIGN_STYLE = Automatic;
				INFOPLIST_FILE = Gitcoin/Info.plist;
				LD_RUNPATH_SEARCH_PATHS = "$(inherited) @executable_path/Frameworks";
				PRODUCT_BUNDLE_IDENTIFIER = Gitcoin.Gitcoin;
				PRODUCT_NAME = "$(TARGET_NAME)";
				SWIFT_VERSION = 4.0;
				TARGETED_DEVICE_FAMILY = "1,2";
			};
			name = Release;
		};
		2094609C1FA8AB8F00555F06 /* Debug */ = {
			isa = XCBuildConfiguration;
			buildSettings = {
				ALWAYS_EMBED_SWIFT_STANDARD_LIBRARIES = YES;
				BUNDLE_LOADER = "$(TEST_HOST)";
				CODE_SIGN_STYLE = Automatic;
				INFOPLIST_FILE = GitcoinTests/Info.plist;
				LD_RUNPATH_SEARCH_PATHS = "$(inherited) @executable_path/Frameworks @loader_path/Frameworks";
				PRODUCT_BUNDLE_IDENTIFIER = Gitcoin.GitcoinTests;
				PRODUCT_NAME = "$(TARGET_NAME)";
				SWIFT_VERSION = 4.0;
				TARGETED_DEVICE_FAMILY = "1,2";
				TEST_HOST = "$(BUILT_PRODUCTS_DIR)/Gitcoin.app/Gitcoin";
			};
			name = Debug;
		};
		2094609D1FA8AB8F00555F06 /* Release */ = {
			isa = XCBuildConfiguration;
			buildSettings = {
				ALWAYS_EMBED_SWIFT_STANDARD_LIBRARIES = YES;
				BUNDLE_LOADER = "$(TEST_HOST)";
				CODE_SIGN_STYLE = Automatic;
				INFOPLIST_FILE = GitcoinTests/Info.plist;
				LD_RUNPATH_SEARCH_PATHS = "$(inherited) @executable_path/Frameworks @loader_path/Frameworks";
				PRODUCT_BUNDLE_IDENTIFIER = Gitcoin.GitcoinTests;
				PRODUCT_NAME = "$(TARGET_NAME)";
				SWIFT_VERSION = 4.0;
				TARGETED_DEVICE_FAMILY = "1,2";
				TEST_HOST = "$(BUILT_PRODUCTS_DIR)/Gitcoin.app/Gitcoin";
			};
			name = Release;
		};
		2094609F1FA8AB8F00555F06 /* Debug */ = {
			isa = XCBuildConfiguration;
			buildSettings = {
				ALWAYS_EMBED_SWIFT_STANDARD_LIBRARIES = YES;
				CODE_SIGN_STYLE = Automatic;
				INFOPLIST_FILE = GitcoinUITests/Info.plist;
				LD_RUNPATH_SEARCH_PATHS = "$(inherited) @executable_path/Frameworks @loader_path/Frameworks";
				PRODUCT_BUNDLE_IDENTIFIER = Gitcoin.GitcoinUITests;
				PRODUCT_NAME = "$(TARGET_NAME)";
				SWIFT_VERSION = 4.0;
				TARGETED_DEVICE_FAMILY = "1,2";
				TEST_TARGET_NAME = Gitcoin;
			};
			name = Debug;
		};
		209460A01FA8AB8F00555F06 /* Release */ = {
			isa = XCBuildConfiguration;
			buildSettings = {
				ALWAYS_EMBED_SWIFT_STANDARD_LIBRARIES = YES;
				CODE_SIGN_STYLE = Automatic;
				INFOPLIST_FILE = GitcoinUITests/Info.plist;
				LD_RUNPATH_SEARCH_PATHS = "$(inherited) @executable_path/Frameworks @loader_path/Frameworks";
				PRODUCT_BUNDLE_IDENTIFIER = Gitcoin.GitcoinUITests;
				PRODUCT_NAME = "$(TARGET_NAME)";
				SWIFT_VERSION = 4.0;
				TARGETED_DEVICE_FAMILY = "1,2";
				TEST_TARGET_NAME = Gitcoin;
			};
			name = Release;
		};
/* End XCBuildConfiguration section */

/* Begin XCConfigurationList section */
		2094606B1FA8AB8F00555F06 /* Build configuration list for PBXProject "Gitcoin" */ = {
			isa = XCConfigurationList;
			buildConfigurations = (
				209460961FA8AB8F00555F06 /* Debug */,
				209460971FA8AB8F00555F06 /* Release */,
			);
			defaultConfigurationIsVisible = 0;
			defaultConfigurationName = Release;
		};
		209460981FA8AB8F00555F06 /* Build configuration list for PBXNativeTarget "Gitcoin" */ = {
			isa = XCConfigurationList;
			buildConfigurations = (
				209460991FA8AB8F00555F06 /* Debug */,
				2094609A1FA8AB8F00555F06 /* Release */,
			);
			defaultConfigurationIsVisible = 0;
			defaultConfigurationName = Release;
		};
		2094609B1FA8AB8F00555F06 /* Build configuration list for PBXNativeTarget "GitcoinTests" */ = {
			isa = XCConfigurationList;
			buildConfigurations = (
				2094609C1FA8AB8F00555F06 /* Debug */,
				2094609D1FA8AB8F00555F06 /* Release */,
			);
			defaultConfigurationIsVisible = 0;
			defaultConfigurationName = Release;
		};
		2094609E1FA8AB8F00555F06 /* Build configuration list for PBXNativeTarget "GitcoinUITests" */ = {
			isa = XCConfigurationList;
			buildConfigurations = (
				2094609F1FA8AB8F00555F06 /* Debug */,
				209460A01FA8AB8F00555F06 /* Release */,
			);
			defaultConfigurationIsVisible = 0;
			defaultConfigurationName = Release;
		};
/* End XCConfigurationList section */
	};
	rootObject = 209460681FA8AB8F00555F06 /* Project object */;
}
