// !$*UTF8*$!
{
	archiveVersion = 1;
	classes = {
	};
	objectVersion = 48;
	objects = {

/* Begin PBXBuildFile section */
		200052F01FDC64C000D1D8F8 /* Main.storyboard in Resources */ = {isa = PBXBuildFile; fileRef = 200052EF1FDC64C000D1D8F8 /* Main.storyboard */; };
		200052F21FDC657400D1D8F8 /* NavigationController.swift in Sources */ = {isa = PBXBuildFile; fileRef = 200052F11FDC657400D1D8F8 /* NavigationController.swift */; };
		2008F2C01FAF9E7B0030807F /* SideMenuNavigationController.swift in Sources */ = {isa = PBXBuildFile; fileRef = 2008F2BF1FAF9E7B0030807F /* SideMenuNavigationController.swift */; };
		2008F2C21FAFA1DA0030807F /* SideMenuTableViewController.swift in Sources */ = {isa = PBXBuildFile; fileRef = 2008F2C11FAFA1DA0030807F /* SideMenuTableViewController.swift */; };
		2008F2C71FAFA6930030807F /* OctokitManager.swift in Sources */ = {isa = PBXBuildFile; fileRef = 2008F2C61FAFA6930030807F /* OctokitManager.swift */; };
		200D9F671FA8BBB0006C7C06 /* BountyCardViewController.swift in Sources */ = {isa = PBXBuildFile; fileRef = 200D9F5D1FA8BBAE006C7C06 /* BountyCardViewController.swift */; };
		200D9F6B1FA8BBB0006C7C06 /* BountyCardKolodaAnimator.swift in Sources */ = {isa = PBXBuildFile; fileRef = 200D9F611FA8BBAF006C7C06 /* BountyCardKolodaAnimator.swift */; };
		200DA7921FA9385A00FDCE67 /* BountyCardView.swift in Sources */ = {isa = PBXBuildFile; fileRef = 200DA7911FA9385A00FDCE67 /* BountyCardView.swift */; };
		200DA7941FA9388300FDCE67 /* BountyCardView.xib in Resources */ = {isa = PBXBuildFile; fileRef = 200DA7931FA9388300FDCE67 /* BountyCardView.xib */; };
		200DA7971FA93BAE00FDCE67 /* Futura.ttc in Resources */ = {isa = PBXBuildFile; fileRef = 200DA7961FA93BAE00FDCE67 /* Futura.ttc */; };
		201326541FBC7F5D001EC1B5 /* InfoViewController.swift in Sources */ = {isa = PBXBuildFile; fileRef = 201326531FBC7F5D001EC1B5 /* InfoViewController.swift */; };
		202952B61FBC718100FEAB4F /* ProfileViewController.swift in Sources */ = {isa = PBXBuildFile; fileRef = 202952B51FBC718100FEAB4F /* ProfileViewController.swift */; };
		20559D661FB2771600170860 /* GlobalConstants.swift in Sources */ = {isa = PBXBuildFile; fileRef = 20559D651FB2771600170860 /* GlobalConstants.swift */; };
		2079CDF71FD085C200A912C9 /* libz.tbd in Frameworks */ = {isa = PBXBuildFile; fileRef = 2079CDF61FD085C200A912C9 /* libz.tbd */; };
		2079CDF91FD085CE00A912C9 /* libstdc++.tbd in Frameworks */ = {isa = PBXBuildFile; fileRef = 2079CDF81FD085CD00A912C9 /* libstdc++.tbd */; };
		207DAC101FD4CA6600CFB753 /* Config.swift in Sources */ = {isa = PBXBuildFile; fileRef = 207DAC0F1FD4CA6600CFB753 /* Config.swift */; };
		2088B0031FD32E01007F940C /* TrackingManager.swift in Sources */ = {isa = PBXBuildFile; fileRef = 2088B0021FD32E01007F940C /* TrackingManager.swift */; };
		209430CC1FB29CAB006F0671 /* SafeConfiguration.plist in Resources */ = {isa = PBXBuildFile; fileRef = 209430CB1FB29CAB006F0671 /* SafeConfiguration.plist */; };
		20943E031FD0921A00A5ED6F /* Images.xcassets in Resources */ = {isa = PBXBuildFile; fileRef = 20943E021FD0921900A5ED6F /* Images.xcassets */; };
		209460741FA8AB8F00555F06 /* AppDelegate.swift in Sources */ = {isa = PBXBuildFile; fileRef = 209460731FA8AB8F00555F06 /* AppDelegate.swift */; };
		2094607E1FA8AB8F00555F06 /* LaunchScreen.storyboard in Resources */ = {isa = PBXBuildFile; fileRef = 2094607C1FA8AB8F00555F06 /* LaunchScreen.storyboard */; };
		209460891FA8AB8F00555F06 /* GitcoinTests.swift in Sources */ = {isa = PBXBuildFile; fileRef = 209460881FA8AB8F00555F06 /* GitcoinTests.swift */; };
		209460941FA8AB8F00555F06 /* GitcoinUITests.swift in Sources */ = {isa = PBXBuildFile; fileRef = 209460931FA8AB8F00555F06 /* GitcoinUITests.swift */; };
		20960ECD1FB5340E0033A786 /* SideMenu.storyboard in Resources */ = {isa = PBXBuildFile; fileRef = 20960ECC1FB5340E0033A786 /* SideMenu.storyboard */; };
		20960ECF1FB53E4D0033A786 /* UserKeywordResult.swift in Sources */ = {isa = PBXBuildFile; fileRef = 20960ECE1FB53E4D0033A786 /* UserKeywordResult.swift */; };
		20B3CAD81FBDE1C9008FA651 /* EndOfBountiesCardView.swift in Sources */ = {isa = PBXBuildFile; fileRef = 20B3CAD71FBDE1C9008FA651 /* EndOfBountiesCardView.swift */; };
		20B3CADA1FBDE1DF008FA651 /* EndOfBountiesCardView.xib in Resources */ = {isa = PBXBuildFile; fileRef = 20B3CAD91FBDE1DF008FA651 /* EndOfBountiesCardView.xib */; };
		20B8373E1FABD71E00680FC0 /* GitcoinAPIService.swift in Sources */ = {isa = PBXBuildFile; fileRef = 20B8373D1FABD71E00680FC0 /* GitcoinAPIService.swift */; };
		20B837421FABDC2D00680FC0 /* Bounty.swift in Sources */ = {isa = PBXBuildFile; fileRef = 20B837411FABDC2D00680FC0 /* Bounty.swift */; };
		20B942BC1FA932110015481C /* BountyCardOverlayView.swift in Sources */ = {isa = PBXBuildFile; fileRef = 20B942BA1FA932110015481C /* BountyCardOverlayView.swift */; };
		20B942BD1FA932110015481C /* BountyCardOverlayView.xib in Resources */ = {isa = PBXBuildFile; fileRef = 20B942BB1FA932110015481C /* BountyCardOverlayView.xib */; };
		20B942C01FA932700015481C /* BountyKolodaView.swift in Sources */ = {isa = PBXBuildFile; fileRef = 20B942BF1FA932700015481C /* BountyKolodaView.swift */; };
		20D60D671FC8A35600A8C7C6 /* GitCoinWSTagField.swift in Sources */ = {isa = PBXBuildFile; fileRef = 20D60D661FC8A35600A8C7C6 /* GitCoinWSTagField.swift */; };
		20DF6AB11FD21410000ADA04 /* KeychainSwiftDistrib.swift in Sources */ = {isa = PBXBuildFile; fileRef = 20DF6AB01FD21410000ADA04 /* KeychainSwiftDistrib.swift */; };
		20DF6AB31FD321B9000ADA04 /* Reachability.swift in Sources */ = {isa = PBXBuildFile; fileRef = 20DF6AB21FD321B9000ADA04 /* Reachability.swift */; };
		20DF6AB51FD3226C000ADA04 /* NetworkReachability.swift in Sources */ = {isa = PBXBuildFile; fileRef = 20DF6AB41FD3226C000ADA04 /* NetworkReachability.swift */; };
		9659E79AF67EA510C67AD2AA /* Pods_Gitcoin.framework in Frameworks */ = {isa = PBXBuildFile; fileRef = 12B2483E19BA87527CE4B9A4 /* Pods_Gitcoin.framework */; };
		C7678B9FB50EF538DC43BC51 /* Pods_GitcoinTests.framework in Frameworks */ = {isa = PBXBuildFile; fileRef = E6A847AB6E25100FD032EA87 /* Pods_GitcoinTests.framework */; };
		E05FEC46DE514AA89BC5BE1A /* Pods_GitcoinUITests.framework in Frameworks */ = {isa = PBXBuildFile; fileRef = 9CFA2207C51AC486E2B512B7 /* Pods_GitcoinUITests.framework */; };
/* End PBXBuildFile section */

/* Begin PBXContainerItemProxy section */
		209460851FA8AB8F00555F06 /* PBXContainerItemProxy */ = {
			isa = PBXContainerItemProxy;
			containerPortal = 209460681FA8AB8F00555F06 /* Project object */;
			proxyType = 1;
			remoteGlobalIDString = 2094606F1FA8AB8F00555F06;
			remoteInfo = Gitcoin;
		};
		209460901FA8AB8F00555F06 /* PBXContainerItemProxy */ = {
			isa = PBXContainerItemProxy;
			containerPortal = 209460681FA8AB8F00555F06 /* Project object */;
			proxyType = 1;
			remoteGlobalIDString = 2094606F1FA8AB8F00555F06;
			remoteInfo = Gitcoin;
		};
/* End PBXContainerItemProxy section */

/* Begin PBXFileReference section */
		12B2483E19BA87527CE4B9A4 /* Pods_Gitcoin.framework */ = {isa = PBXFileReference; explicitFileType = wrapper.framework; includeInIndex = 0; path = Pods_Gitcoin.framework; sourceTree = BUILT_PRODUCTS_DIR; };
		200052EF1FDC64C000D1D8F8 /* Main.storyboard */ = {isa = PBXFileReference; fileEncoding = 4; lastKnownFileType = file.storyboard; path = Main.storyboard; sourceTree = "<group>"; };
		200052F11FDC657400D1D8F8 /* NavigationController.swift */ = {isa = PBXFileReference; lastKnownFileType = sourcecode.swift; path = NavigationController.swift; sourceTree = "<group>"; };
		2008F2BF1FAF9E7B0030807F /* SideMenuNavigationController.swift */ = {isa = PBXFileReference; lastKnownFileType = sourcecode.swift; path = SideMenuNavigationController.swift; sourceTree = "<group>"; };
		2008F2C11FAFA1DA0030807F /* SideMenuTableViewController.swift */ = {isa = PBXFileReference; lastKnownFileType = sourcecode.swift; path = SideMenuTableViewController.swift; sourceTree = "<group>"; };
		2008F2C61FAFA6930030807F /* OctokitManager.swift */ = {isa = PBXFileReference; lastKnownFileType = sourcecode.swift; path = OctokitManager.swift; sourceTree = "<group>"; };
		200D9F4D1FA8B1DE006C7C06 /* Podfile */ = {isa = PBXFileReference; lastKnownFileType = text; path = Podfile; sourceTree = "<group>"; xcLanguageSpecificationIdentifier = xcode.lang.ruby; };
		200D9F5D1FA8BBAE006C7C06 /* BountyCardViewController.swift */ = {isa = PBXFileReference; fileEncoding = 4; lastKnownFileType = sourcecode.swift; path = BountyCardViewController.swift; sourceTree = "<group>"; };
		200D9F611FA8BBAF006C7C06 /* BountyCardKolodaAnimator.swift */ = {isa = PBXFileReference; fileEncoding = 4; lastKnownFileType = sourcecode.swift; path = BountyCardKolodaAnimator.swift; sourceTree = "<group>"; };
		200DA7911FA9385A00FDCE67 /* BountyCardView.swift */ = {isa = PBXFileReference; lastKnownFileType = sourcecode.swift; path = BountyCardView.swift; sourceTree = "<group>"; };
		200DA7931FA9388300FDCE67 /* BountyCardView.xib */ = {isa = PBXFileReference; lastKnownFileType = file.xib; path = BountyCardView.xib; sourceTree = "<group>"; };
		200DA7961FA93BAE00FDCE67 /* Futura.ttc */ = {isa = PBXFileReference; lastKnownFileType = file; path = Futura.ttc; sourceTree = "<group>"; };
		201326531FBC7F5D001EC1B5 /* InfoViewController.swift */ = {isa = PBXFileReference; lastKnownFileType = sourcecode.swift; path = InfoViewController.swift; sourceTree = "<group>"; };
		202952B51FBC718100FEAB4F /* ProfileViewController.swift */ = {isa = PBXFileReference; lastKnownFileType = sourcecode.swift; path = ProfileViewController.swift; sourceTree = "<group>"; };
		20559D651FB2771600170860 /* GlobalConstants.swift */ = {isa = PBXFileReference; lastKnownFileType = sourcecode.swift; path = GlobalConstants.swift; sourceTree = "<group>"; };
		2079CDF61FD085C200A912C9 /* libz.tbd */ = {isa = PBXFileReference; lastKnownFileType = "sourcecode.text-based-dylib-definition"; name = libz.tbd; path = usr/lib/libz.tbd; sourceTree = SDKROOT; };
		2079CDF81FD085CD00A912C9 /* libstdc++.tbd */ = {isa = PBXFileReference; lastKnownFileType = "sourcecode.text-based-dylib-definition"; name = "libstdc++.tbd"; path = "usr/lib/libstdc++.tbd"; sourceTree = SDKROOT; };
		2079CDFA1FD0893800A912C9 /* Gitcoin.entitlements */ = {isa = PBXFileReference; lastKnownFileType = text.plist.entitlements; path = Gitcoin.entitlements; sourceTree = "<group>"; };
		207DAC0F1FD4CA6600CFB753 /* Config.swift */ = {isa = PBXFileReference; lastKnownFileType = sourcecode.swift; path = Config.swift; sourceTree = "<group>"; };
		2088B0021FD32E01007F940C /* TrackingManager.swift */ = {isa = PBXFileReference; lastKnownFileType = sourcecode.swift; path = TrackingManager.swift; sourceTree = "<group>"; };
		209430CB1FB29CAB006F0671 /* SafeConfiguration.plist */ = {isa = PBXFileReference; lastKnownFileType = text.plist.xml; path = SafeConfiguration.plist; sourceTree = "<group>"; };
		209430CD1FB29D59006F0671 /* README.md */ = {isa = PBXFileReference; fileEncoding = 4; lastKnownFileType = net.daringfireball.markdown; path = README.md; sourceTree = SOURCE_ROOT; };
		20943E021FD0921900A5ED6F /* Images.xcassets */ = {isa = PBXFileReference; lastKnownFileType = folder.assetcatalog; path = Images.xcassets; sourceTree = "<group>"; };
		209460701FA8AB8F00555F06 /* Gitcoin.app */ = {isa = PBXFileReference; explicitFileType = wrapper.application; includeInIndex = 0; path = Gitcoin.app; sourceTree = BUILT_PRODUCTS_DIR; };
		209460731FA8AB8F00555F06 /* AppDelegate.swift */ = {isa = PBXFileReference; lastKnownFileType = sourcecode.swift; path = AppDelegate.swift; sourceTree = "<group>"; };
		2094607D1FA8AB8F00555F06 /* Base */ = {isa = PBXFileReference; lastKnownFileType = file.storyboard; name = Base; path = Base.lproj/LaunchScreen.storyboard; sourceTree = "<group>"; };
		2094607F1FA8AB8F00555F06 /* Info.plist */ = {isa = PBXFileReference; lastKnownFileType = text.plist.xml; path = Info.plist; sourceTree = "<group>"; };
		209460841FA8AB8F00555F06 /* GitcoinTests.xctest */ = {isa = PBXFileReference; explicitFileType = wrapper.cfbundle; includeInIndex = 0; path = GitcoinTests.xctest; sourceTree = BUILT_PRODUCTS_DIR; };
		209460881FA8AB8F00555F06 /* GitcoinTests.swift */ = {isa = PBXFileReference; lastKnownFileType = sourcecode.swift; path = GitcoinTests.swift; sourceTree = "<group>"; };
		2094608A1FA8AB8F00555F06 /* Info.plist */ = {isa = PBXFileReference; lastKnownFileType = text.plist.xml; path = Info.plist; sourceTree = "<group>"; };
		2094608F1FA8AB8F00555F06 /* GitcoinUITests.xctest */ = {isa = PBXFileReference; explicitFileType = wrapper.cfbundle; includeInIndex = 0; path = GitcoinUITests.xctest; sourceTree = BUILT_PRODUCTS_DIR; };
		209460931FA8AB8F00555F06 /* GitcoinUITests.swift */ = {isa = PBXFileReference; lastKnownFileType = sourcecode.swift; path = GitcoinUITests.swift; sourceTree = "<group>"; };
		209460951FA8AB8F00555F06 /* Info.plist */ = {isa = PBXFileReference; lastKnownFileType = text.plist.xml; path = Info.plist; sourceTree = "<group>"; };
		20960ECC1FB5340E0033A786 /* SideMenu.storyboard */ = {isa = PBXFileReference; fileEncoding = 4; lastKnownFileType = file.storyboard; path = SideMenu.storyboard; sourceTree = "<group>"; };
		20960ECE1FB53E4D0033A786 /* UserKeywordResult.swift */ = {isa = PBXFileReference; lastKnownFileType = sourcecode.swift; path = UserKeywordResult.swift; sourceTree = "<group>"; };
		20B3CAD71FBDE1C9008FA651 /* EndOfBountiesCardView.swift */ = {isa = PBXFileReference; lastKnownFileType = sourcecode.swift; path = EndOfBountiesCardView.swift; sourceTree = "<group>"; };
		20B3CAD91FBDE1DF008FA651 /* EndOfBountiesCardView.xib */ = {isa = PBXFileReference; lastKnownFileType = file.xib; path = EndOfBountiesCardView.xib; sourceTree = "<group>"; };
		20B8373D1FABD71E00680FC0 /* GitcoinAPIService.swift */ = {isa = PBXFileReference; lastKnownFileType = sourcecode.swift; path = GitcoinAPIService.swift; sourceTree = "<group>"; };
		20B837411FABDC2D00680FC0 /* Bounty.swift */ = {isa = PBXFileReference; lastKnownFileType = sourcecode.swift; path = Bounty.swift; sourceTree = "<group>"; };
		20B942BA1FA932110015481C /* BountyCardOverlayView.swift */ = {isa = PBXFileReference; fileEncoding = 4; lastKnownFileType = sourcecode.swift; path = BountyCardOverlayView.swift; sourceTree = "<group>"; };
		20B942BB1FA932110015481C /* BountyCardOverlayView.xib */ = {isa = PBXFileReference; fileEncoding = 4; lastKnownFileType = file.xib; path = BountyCardOverlayView.xib; sourceTree = "<group>"; };
		20B942BF1FA932700015481C /* BountyKolodaView.swift */ = {isa = PBXFileReference; lastKnownFileType = sourcecode.swift; path = BountyKolodaView.swift; sourceTree = "<group>"; };
		20D60D661FC8A35600A8C7C6 /* GitCoinWSTagField.swift */ = {isa = PBXFileReference; lastKnownFileType = sourcecode.swift; path = GitCoinWSTagField.swift; sourceTree = "<group>"; };
		20DF6AB01FD21410000ADA04 /* KeychainSwiftDistrib.swift */ = {isa = PBXFileReference; fileEncoding = 4; lastKnownFileType = sourcecode.swift; path = KeychainSwiftDistrib.swift; sourceTree = "<group>"; };
		20DF6AB21FD321B9000ADA04 /* Reachability.swift */ = {isa = PBXFileReference; fileEncoding = 4; lastKnownFileType = sourcecode.swift; path = Reachability.swift; sourceTree = "<group>"; };
		20DF6AB41FD3226C000ADA04 /* NetworkReachability.swift */ = {isa = PBXFileReference; lastKnownFileType = sourcecode.swift; path = NetworkReachability.swift; sourceTree = "<group>"; };
		349DAD1AE1F9779BF95D48CE /* Pods-GitcoinUITests.debug.xcconfig */ = {isa = PBXFileReference; includeInIndex = 1; lastKnownFileType = text.xcconfig; name = "Pods-GitcoinUITests.debug.xcconfig"; path = "Pods/Target Support Files/Pods-GitcoinUITests/Pods-GitcoinUITests.debug.xcconfig"; sourceTree = "<group>"; };
		63154C70D0D3D17CE67806F2 /* Pods-Gitcoin.debug.xcconfig */ = {isa = PBXFileReference; includeInIndex = 1; lastKnownFileType = text.xcconfig; name = "Pods-Gitcoin.debug.xcconfig"; path = "Pods/Target Support Files/Pods-Gitcoin/Pods-Gitcoin.debug.xcconfig"; sourceTree = "<group>"; };
		7A16EC471D73DFDD391CCC07 /* Pods-GitcoinTests.debug.xcconfig */ = {isa = PBXFileReference; includeInIndex = 1; lastKnownFileType = text.xcconfig; name = "Pods-GitcoinTests.debug.xcconfig"; path = "Pods/Target Support Files/Pods-GitcoinTests/Pods-GitcoinTests.debug.xcconfig"; sourceTree = "<group>"; };
		9CFA2207C51AC486E2B512B7 /* Pods_GitcoinUITests.framework */ = {isa = PBXFileReference; explicitFileType = wrapper.framework; includeInIndex = 0; path = Pods_GitcoinUITests.framework; sourceTree = BUILT_PRODUCTS_DIR; };
		9E538F3788C0D0832D3816E2 /* Pods-Gitcoin.release.xcconfig */ = {isa = PBXFileReference; includeInIndex = 1; lastKnownFileType = text.xcconfig; name = "Pods-Gitcoin.release.xcconfig"; path = "Pods/Target Support Files/Pods-Gitcoin/Pods-Gitcoin.release.xcconfig"; sourceTree = "<group>"; };
		E6A847AB6E25100FD032EA87 /* Pods_GitcoinTests.framework */ = {isa = PBXFileReference; explicitFileType = wrapper.framework; includeInIndex = 0; path = Pods_GitcoinTests.framework; sourceTree = BUILT_PRODUCTS_DIR; };
		EA81239839769D653CE8E0F2 /* Pods-GitcoinUITests.release.xcconfig */ = {isa = PBXFileReference; includeInIndex = 1; lastKnownFileType = text.xcconfig; name = "Pods-GitcoinUITests.release.xcconfig"; path = "Pods/Target Support Files/Pods-GitcoinUITests/Pods-GitcoinUITests.release.xcconfig"; sourceTree = "<group>"; };
		F77ED90C268155D2AFB9F4A3 /* Pods-GitcoinTests.release.xcconfig */ = {isa = PBXFileReference; includeInIndex = 1; lastKnownFileType = text.xcconfig; name = "Pods-GitcoinTests.release.xcconfig"; path = "Pods/Target Support Files/Pods-GitcoinTests/Pods-GitcoinTests.release.xcconfig"; sourceTree = "<group>"; };
/* End PBXFileReference section */

/* Begin PBXFrameworksBuildPhase section */
		2094606D1FA8AB8F00555F06 /* Frameworks */ = {
			isa = PBXFrameworksBuildPhase;
			buildActionMask = 2147483647;
			files = (
				2079CDF91FD085CE00A912C9 /* libstdc++.tbd in Frameworks */,
				2079CDF71FD085C200A912C9 /* libz.tbd in Frameworks */,
				9659E79AF67EA510C67AD2AA /* Pods_Gitcoin.framework in Frameworks */,
			);
			runOnlyForDeploymentPostprocessing = 0;
		};
		209460811FA8AB8F00555F06 /* Frameworks */ = {
			isa = PBXFrameworksBuildPhase;
			buildActionMask = 2147483647;
			files = (
				C7678B9FB50EF538DC43BC51 /* Pods_GitcoinTests.framework in Frameworks */,
			);
			runOnlyForDeploymentPostprocessing = 0;
		};
		2094608C1FA8AB8F00555F06 /* Frameworks */ = {
			isa = PBXFrameworksBuildPhase;
			buildActionMask = 2147483647;
			files = (
				E05FEC46DE514AA89BC5BE1A /* Pods_GitcoinUITests.framework in Frameworks */,
			);
			runOnlyForDeploymentPostprocessing = 0;
		};
/* End PBXFrameworksBuildPhase section */

/* Begin PBXGroup section */
		2008F2BE1FAF98C10030807F /* Menu */ = {
			isa = PBXGroup;
			children = (
				20960ECC1FB5340E0033A786 /* SideMenu.storyboard */,
				2008F2BF1FAF9E7B0030807F /* SideMenuNavigationController.swift */,
				2008F2C11FAFA1DA0030807F /* SideMenuTableViewController.swift */,
			);
			path = Menu;
			sourceTree = "<group>";
		};
		2008F2C31FAFA3850030807F /* Util */ = {
			isa = PBXGroup;
			children = (
				2008F2C61FAFA6930030807F /* OctokitManager.swift */,
				20559D651FB2771600170860 /* GlobalConstants.swift */,
				2088B0021FD32E01007F940C /* TrackingManager.swift */,
				207DAC0F1FD4CA6600CFB753 /* Config.swift */,
			);
			path = Util;
			sourceTree = "<group>";
		};
		200DA7901FA9350F00FDCE67 /* Bounty Cards */ = {
			isa = PBXGroup;
			children = (
				200D9F5D1FA8BBAE006C7C06 /* BountyCardViewController.swift */,
				200D9F611FA8BBAF006C7C06 /* BountyCardKolodaAnimator.swift */,
				20B942BF1FA932700015481C /* BountyKolodaView.swift */,
				20B942BA1FA932110015481C /* BountyCardOverlayView.swift */,
				20B942BB1FA932110015481C /* BountyCardOverlayView.xib */,
				200DA7911FA9385A00FDCE67 /* BountyCardView.swift */,
				200DA7931FA9388300FDCE67 /* BountyCardView.xib */,
			);
			path = "Bounty Cards";
			sourceTree = "<group>";
		};
		200DA7951FA93BA100FDCE67 /* Fonts */ = {
			isa = PBXGroup;
			children = (
				200DA7961FA93BAE00FDCE67 /* Futura.ttc */,
			);
			path = Fonts;
			sourceTree = "<group>";
		};
		200DA7991FA93DD800FDCE67 /* Model */ = {
			isa = PBXGroup;
			children = (
				20B837411FABDC2D00680FC0 /* Bounty.swift */,
				20960ECE1FB53E4D0033A786 /* UserKeywordResult.swift */,
			);
			path = Model;
			sourceTree = "<group>";
		};
		201326521FBC7F34001EC1B5 /* Info */ = {
			isa = PBXGroup;
			children = (
				201326531FBC7F5D001EC1B5 /* InfoViewController.swift */,
			);
			path = Info;
			sourceTree = "<group>";
		};
		202952B41FBC715F00FEAB4F /* Profile */ = {
			isa = PBXGroup;
			children = (
				202952B51FBC718100FEAB4F /* ProfileViewController.swift */,
			);
			path = Profile;
			sourceTree = "<group>";
		};
		209460671FA8AB8F00555F06 = {
			isa = PBXGroup;
			children = (
				209460721FA8AB8F00555F06 /* Gitcoin */,
				209460871FA8AB8F00555F06 /* GitcoinTests */,
				209460921FA8AB8F00555F06 /* GitcoinUITests */,
				209460711FA8AB8F00555F06 /* Products */,
				200D9F4D1FA8B1DE006C7C06 /* Podfile */,
				42FD5E90C7098D8C7D1738D3 /* Pods */,
				A205CFEEE0FB5058B9468DEB /* Frameworks */,
			);
			sourceTree = "<group>";
		};
		209460711FA8AB8F00555F06 /* Products */ = {
			isa = PBXGroup;
			children = (
				209460701FA8AB8F00555F06 /* Gitcoin.app */,
				209460841FA8AB8F00555F06 /* GitcoinTests.xctest */,
				2094608F1FA8AB8F00555F06 /* GitcoinUITests.xctest */,
			);
			name = Products;
			sourceTree = "<group>";
		};
		209460721FA8AB8F00555F06 /* Gitcoin */ = {
			isa = PBXGroup;
			children = (
				2079CDFA1FD0893800A912C9 /* Gitcoin.entitlements */,
				20B837431FABDC7E00680FC0 /* UI */,
				20B8373C1FABD70900680FC0 /* Network */,
				200DA7991FA93DD800FDCE67 /* Model */,
				2008F2C31FAFA3850030807F /* Util */,
				20DF6AAF1FD2135E000ADA04 /* Library */,
				200052EF1FDC64C000D1D8F8 /* Main.storyboard */,
				209460731FA8AB8F00555F06 /* AppDelegate.swift */,
				2094607C1FA8AB8F00555F06 /* LaunchScreen.storyboard */,
				2094607F1FA8AB8F00555F06 /* Info.plist */,
				20943E021FD0921900A5ED6F /* Images.xcassets */,
				200DA7951FA93BA100FDCE67 /* Fonts */,
				209430CB1FB29CAB006F0671 /* SafeConfiguration.plist */,
				209430CD1FB29D59006F0671 /* README.md */,
			);
			path = Gitcoin;
			sourceTree = "<group>";
		};
		209460871FA8AB8F00555F06 /* GitcoinTests */ = {
			isa = PBXGroup;
			children = (
				209460881FA8AB8F00555F06 /* GitcoinTests.swift */,
				2094608A1FA8AB8F00555F06 /* Info.plist */,
			);
			path = GitcoinTests;
			sourceTree = "<group>";
		};
		209460921FA8AB8F00555F06 /* GitcoinUITests */ = {
			isa = PBXGroup;
			children = (
				209460931FA8AB8F00555F06 /* GitcoinUITests.swift */,
				209460951FA8AB8F00555F06 /* Info.plist */,
			);
			path = GitcoinUITests;
			sourceTree = "<group>";
		};
		20B3CAD21FBDD8F9008FA651 /* End of Bounties */ = {
			isa = PBXGroup;
			children = (
				20B3CAD71FBDE1C9008FA651 /* EndOfBountiesCardView.swift */,
				20B3CAD91FBDE1DF008FA651 /* EndOfBountiesCardView.xib */,
			);
			path = "End of Bounties";
			sourceTree = "<group>";
		};
		20B8373C1FABD70900680FC0 /* Network */ = {
			isa = PBXGroup;
			children = (
				20B8373D1FABD71E00680FC0 /* GitcoinAPIService.swift */,
				20DF6AB41FD3226C000ADA04 /* NetworkReachability.swift */,
			);
			path = Network;
			sourceTree = "<group>";
		};
		20B837431FABDC7E00680FC0 /* UI */ = {
			isa = PBXGroup;
			children = (
				200DA7901FA9350F00FDCE67 /* Bounty Cards */,
				20B3CAD21FBDD8F9008FA651 /* End of Bounties */,
				201326521FBC7F34001EC1B5 /* Info */,
				202952B41FBC715F00FEAB4F /* Profile */,
				2008F2BE1FAF98C10030807F /* Menu */,
				20D60D651FC8A33900A8C7C6 /* Views */,
				200052F11FDC657400D1D8F8 /* NavigationController.swift */,
			);
			path = UI;
			sourceTree = "<group>";
		};
		20D60D651FC8A33900A8C7C6 /* Views */ = {
			isa = PBXGroup;
			children = (
				20D60D661FC8A35600A8C7C6 /* GitCoinWSTagField.swift */,
			);
			path = Views;
			sourceTree = "<group>";
		};
		20DF6AAF1FD2135E000ADA04 /* Library */ = {
			isa = PBXGroup;
			children = (
				20DF6AB21FD321B9000ADA04 /* Reachability.swift */,
				20DF6AB01FD21410000ADA04 /* KeychainSwiftDistrib.swift */,
			);
			path = Library;
			sourceTree = "<group>";
		};
		42FD5E90C7098D8C7D1738D3 /* Pods */ = {
			isa = PBXGroup;
			children = (
				63154C70D0D3D17CE67806F2 /* Pods-Gitcoin.debug.xcconfig */,
				9E538F3788C0D0832D3816E2 /* Pods-Gitcoin.release.xcconfig */,
				7A16EC471D73DFDD391CCC07 /* Pods-GitcoinTests.debug.xcconfig */,
				F77ED90C268155D2AFB9F4A3 /* Pods-GitcoinTests.release.xcconfig */,
				349DAD1AE1F9779BF95D48CE /* Pods-GitcoinUITests.debug.xcconfig */,
				EA81239839769D653CE8E0F2 /* Pods-GitcoinUITests.release.xcconfig */,
			);
			name = Pods;
			sourceTree = "<group>";
		};
		A205CFEEE0FB5058B9468DEB /* Frameworks */ = {
			isa = PBXGroup;
			children = (
				2079CDF81FD085CD00A912C9 /* libstdc++.tbd */,
				2079CDF61FD085C200A912C9 /* libz.tbd */,
				12B2483E19BA87527CE4B9A4 /* Pods_Gitcoin.framework */,
				E6A847AB6E25100FD032EA87 /* Pods_GitcoinTests.framework */,
				9CFA2207C51AC486E2B512B7 /* Pods_GitcoinUITests.framework */,
			);
			name = Frameworks;
			sourceTree = "<group>";
		};
/* End PBXGroup section */

/* Begin PBXNativeTarget section */
		2094606F1FA8AB8F00555F06 /* Gitcoin */ = {
			isa = PBXNativeTarget;
			buildConfigurationList = 209460981FA8AB8F00555F06 /* Build configuration list for PBXNativeTarget "Gitcoin" */;
			buildPhases = (
				97CC57079F4441CAFCFB9206 /* [CP] Check Pods Manifest.lock */,
				2094606C1FA8AB8F00555F06 /* Sources */,
				2094606D1FA8AB8F00555F06 /* Frameworks */,
				2094606E1FA8AB8F00555F06 /* Resources */,
				B5DC8E62CE2ED896DE8FE04F /* [CP] Embed Pods Frameworks */,
				9A4D4E235D18A32197970A5A /* [CP] Copy Pods Resources */,
				20E9DB0B1FB3C0C40076843D /* Fabric */,
			);
			buildRules = (
			);
			dependencies = (
			);
			name = Gitcoin;
			productName = Gitcoin;
			productReference = 209460701FA8AB8F00555F06 /* Gitcoin.app */;
			productType = "com.apple.product-type.application";
		};
		209460831FA8AB8F00555F06 /* GitcoinTests */ = {
			isa = PBXNativeTarget;
			buildConfigurationList = 2094609B1FA8AB8F00555F06 /* Build configuration list for PBXNativeTarget "GitcoinTests" */;
			buildPhases = (
				C68C923E4F77838E8937A1F3 /* [CP] Check Pods Manifest.lock */,
				209460801FA8AB8F00555F06 /* Sources */,
				209460811FA8AB8F00555F06 /* Frameworks */,
				209460821FA8AB8F00555F06 /* Resources */,
				D3F348376CC5B73CA83BEF2B /* [CP] Embed Pods Frameworks */,
				F0E3AAADD2031D79174F05F5 /* [CP] Copy Pods Resources */,
			);
			buildRules = (
			);
			dependencies = (
				209460861FA8AB8F00555F06 /* PBXTargetDependency */,
			);
			name = GitcoinTests;
			productName = GitcoinTests;
			productReference = 209460841FA8AB8F00555F06 /* GitcoinTests.xctest */;
			productType = "com.apple.product-type.bundle.unit-test";
		};
		2094608E1FA8AB8F00555F06 /* GitcoinUITests */ = {
			isa = PBXNativeTarget;
			buildConfigurationList = 2094609E1FA8AB8F00555F06 /* Build configuration list for PBXNativeTarget "GitcoinUITests" */;
			buildPhases = (
				3735588FD72B738467BDEA93 /* [CP] Check Pods Manifest.lock */,
				2094608B1FA8AB8F00555F06 /* Sources */,
				2094608C1FA8AB8F00555F06 /* Frameworks */,
				2094608D1FA8AB8F00555F06 /* Resources */,
				ECAC74F216A55BEFF756C82C /* [CP] Embed Pods Frameworks */,
				9743B6AA0FBB5E29402D3169 /* [CP] Copy Pods Resources */,
			);
			buildRules = (
			);
			dependencies = (
				209460911FA8AB8F00555F06 /* PBXTargetDependency */,
			);
			name = GitcoinUITests;
			productName = GitcoinUITests;
			productReference = 2094608F1FA8AB8F00555F06 /* GitcoinUITests.xctest */;
			productType = "com.apple.product-type.bundle.ui-testing";
		};
/* End PBXNativeTarget section */

/* Begin PBXProject section */
		209460681FA8AB8F00555F06 /* Project object */ = {
			isa = PBXProject;
			attributes = {
				LastSwiftUpdateCheck = 0900;
				LastUpgradeCheck = 0900;
				ORGANIZATIONNAME = Gitcoin;
				TargetAttributes = {
					2094606F1FA8AB8F00555F06 = {
						CreatedOnToolsVersion = 9.0.1;
						ProvisioningStyle = Automatic;
						SystemCapabilities = {
							com.apple.BackgroundModes = {
								enabled = 1;
							};
							com.apple.Push = {
								enabled = 1;
							};
						};
					};
					209460831FA8AB8F00555F06 = {
						CreatedOnToolsVersion = 9.0.1;
						ProvisioningStyle = Automatic;
						TestTargetID = 2094606F1FA8AB8F00555F06;
					};
					2094608E1FA8AB8F00555F06 = {
						CreatedOnToolsVersion = 9.0.1;
						ProvisioningStyle = Automatic;
						TestTargetID = 2094606F1FA8AB8F00555F06;
					};
				};
			};
			buildConfigurationList = 2094606B1FA8AB8F00555F06 /* Build configuration list for PBXProject "Gitcoin" */;
			compatibilityVersion = "Xcode 8.0";
			developmentRegion = en;
			hasScannedForEncodings = 0;
			knownRegions = (
				en,
				Base,
			);
			mainGroup = 209460671FA8AB8F00555F06;
			productRefGroup = 209460711FA8AB8F00555F06 /* Products */;
			projectDirPath = "";
			projectRoot = "";
			targets = (
				2094606F1FA8AB8F00555F06 /* Gitcoin */,
				209460831FA8AB8F00555F06 /* GitcoinTests */,
				2094608E1FA8AB8F00555F06 /* GitcoinUITests */,
			);
		};
/* End PBXProject section */

/* Begin PBXResourcesBuildPhase section */
		2094606E1FA8AB8F00555F06 /* Resources */ = {
			isa = PBXResourcesBuildPhase;
			buildActionMask = 2147483647;
			files = (
				200DA7971FA93BAE00FDCE67 /* Futura.ttc in Resources */,
				20B942BD1FA932110015481C /* BountyCardOverlayView.xib in Resources */,
				20B3CADA1FBDE1DF008FA651 /* EndOfBountiesCardView.xib in Resources */,
				20943E031FD0921A00A5ED6F /* Images.xcassets in Resources */,
				20960ECD1FB5340E0033A786 /* SideMenu.storyboard in Resources */,
				209430CC1FB29CAB006F0671 /* SafeConfiguration.plist in Resources */,
				2094607E1FA8AB8F00555F06 /* LaunchScreen.storyboard in Resources */,
				200DA7941FA9388300FDCE67 /* BountyCardView.xib in Resources */,
				200052F01FDC64C000D1D8F8 /* Main.storyboard in Resources */,
			);
			runOnlyForDeploymentPostprocessing = 0;
		};
		209460821FA8AB8F00555F06 /* Resources */ = {
			isa = PBXResourcesBuildPhase;
			buildActionMask = 2147483647;
			files = (
			);
			runOnlyForDeploymentPostprocessing = 0;
		};
		2094608D1FA8AB8F00555F06 /* Resources */ = {
			isa = PBXResourcesBuildPhase;
			buildActionMask = 2147483647;
			files = (
			);
			runOnlyForDeploymentPostprocessing = 0;
		};
/* End PBXResourcesBuildPhase section */

/* Begin PBXShellScriptBuildPhase section */
		20E9DB0B1FB3C0C40076843D /* Fabric */ = {
			isa = PBXShellScriptBuildPhase;
			buildActionMask = 2147483647;
			files = (
			);
			inputPaths = (
			);
			name = Fabric;
			outputPaths = (
			);
			runOnlyForDeploymentPostprocessing = 0;
			shellPath = /bin/sh;
			shellScript = "\"${PODS_ROOT}/Fabric/run\" a3b9ff62a212f6824a382f89426406cdb702b865 0d770cf9e27a6cf7516c57d8b1554544e7b5b3ff8ac2960242025ba6e9ed2693";
		};
		3735588FD72B738467BDEA93 /* [CP] Check Pods Manifest.lock */ = {
			isa = PBXShellScriptBuildPhase;
			buildActionMask = 2147483647;
			files = (
			);
			inputPaths = (
				"${PODS_PODFILE_DIR_PATH}/Podfile.lock",
				"${PODS_ROOT}/Manifest.lock",
			);
			name = "[CP] Check Pods Manifest.lock";
			outputPaths = (
				"$(DERIVED_FILE_DIR)/Pods-GitcoinUITests-checkManifestLockResult.txt",
			);
			runOnlyForDeploymentPostprocessing = 0;
			shellPath = /bin/sh;
			shellScript = "diff \"${PODS_PODFILE_DIR_PATH}/Podfile.lock\" \"${PODS_ROOT}/Manifest.lock\" > /dev/null\nif [ $? != 0 ] ; then\n    # print error to STDERR\n    echo \"error: The sandbox is not in sync with the Podfile.lock. Run 'pod install' or update your CocoaPods installation.\" >&2\n    exit 1\nfi\n# This output is used by Xcode 'outputs' to avoid re-running this script phase.\necho \"SUCCESS\" > \"${SCRIPT_OUTPUT_FILE_0}\"\n";
			showEnvVarsInLog = 0;
		};
		9743B6AA0FBB5E29402D3169 /* [CP] Copy Pods Resources */ = {
			isa = PBXShellScriptBuildPhase;
			buildActionMask = 2147483647;
			files = (
			);
			inputPaths = (
			);
			name = "[CP] Copy Pods Resources";
			outputPaths = (
			);
			runOnlyForDeploymentPostprocessing = 0;
			shellPath = /bin/sh;
			shellScript = "\"${SRCROOT}/Pods/Target Support Files/Pods-GitcoinUITests/Pods-GitcoinUITests-resources.sh\"\n";
			showEnvVarsInLog = 0;
		};
		97CC57079F4441CAFCFB9206 /* [CP] Check Pods Manifest.lock */ = {
			isa = PBXShellScriptBuildPhase;
			buildActionMask = 2147483647;
			files = (
			);
			inputPaths = (
				"${PODS_PODFILE_DIR_PATH}/Podfile.lock",
				"${PODS_ROOT}/Manifest.lock",
			);
			name = "[CP] Check Pods Manifest.lock";
			outputPaths = (
				"$(DERIVED_FILE_DIR)/Pods-Gitcoin-checkManifestLockResult.txt",
			);
			runOnlyForDeploymentPostprocessing = 0;
			shellPath = /bin/sh;
			shellScript = "diff \"${PODS_PODFILE_DIR_PATH}/Podfile.lock\" \"${PODS_ROOT}/Manifest.lock\" > /dev/null\nif [ $? != 0 ] ; then\n    # print error to STDERR\n    echo \"error: The sandbox is not in sync with the Podfile.lock. Run 'pod install' or update your CocoaPods installation.\" >&2\n    exit 1\nfi\n# This output is used by Xcode 'outputs' to avoid re-running this script phase.\necho \"SUCCESS\" > \"${SCRIPT_OUTPUT_FILE_0}\"\n";
			showEnvVarsInLog = 0;
		};
		9A4D4E235D18A32197970A5A /* [CP] Copy Pods Resources */ = {
			isa = PBXShellScriptBuildPhase;
			buildActionMask = 2147483647;
			files = (
			);
			inputPaths = (
			);
			name = "[CP] Copy Pods Resources";
			outputPaths = (
			);
			runOnlyForDeploymentPostprocessing = 0;
			shellPath = /bin/sh;
			shellScript = "\"${SRCROOT}/Pods/Target Support Files/Pods-Gitcoin/Pods-Gitcoin-resources.sh\"\n";
			showEnvVarsInLog = 0;
		};
		B5DC8E62CE2ED896DE8FE04F /* [CP] Embed Pods Frameworks */ = {
			isa = PBXShellScriptBuildPhase;
			buildActionMask = 2147483647;
			files = (
			);
			inputPaths = (
				"${SRCROOT}/Pods/Target Support Files/Pods-Gitcoin/Pods-Gitcoin-frameworks.sh",
				"${BUILT_PRODUCTS_DIR}/AFDateHelper/AFDateHelper.framework",
				"${BUILT_PRODUCTS_DIR}/Alamofire/Alamofire.framework",
				"${BUILT_PRODUCTS_DIR}/AlamofireImage/AlamofireImage.framework",
				"${BUILT_PRODUCTS_DIR}/Koloda/Koloda.framework",
				"${BUILT_PRODUCTS_DIR}/Mixpanel-swift/Mixpanel.framework",
				"${BUILT_PRODUCTS_DIR}/ModelMapper/Mapper.framework",
				"${BUILT_PRODUCTS_DIR}/Moya/Moya.framework",
				"${BUILT_PRODUCTS_DIR}/Moya-ModelMapper/Moya_ModelMapper.framework",
				"${BUILT_PRODUCTS_DIR}/NBNRequestKit/RequestKit.framework",
				"${BUILT_PRODUCTS_DIR}/OctoKit.swift/Octokit.framework",
				"${BUILT_PRODUCTS_DIR}/Result/Result.framework",
				"${BUILT_PRODUCTS_DIR}/RxCocoa/RxCocoa.framework",
				"${BUILT_PRODUCTS_DIR}/RxSwift/RxSwift.framework",
				"${BUILT_PRODUCTS_DIR}/SCLAlertView/SCLAlertView.framework",
				"${BUILT_PRODUCTS_DIR}/SideMenu/SideMenu.framework",
				"${BUILT_PRODUCTS_DIR}/SwiftSpinner/SwiftSpinner.framework",
				"${BUILT_PRODUCTS_DIR}/SwiftyBeaver/SwiftyBeaver.framework",
				"${BUILT_PRODUCTS_DIR}/SwiftyUserDefaults/SwiftyUserDefaults.framework",
				"${BUILT_PRODUCTS_DIR}/TTTAttributedLabel/TTTAttributedLabel.framework",
				"${BUILT_PRODUCTS_DIR}/WSTagsField/WSTagsField.framework",
				"${BUILT_PRODUCTS_DIR}/pop/pop.framework",
			);
			name = "[CP] Embed Pods Frameworks";
			outputPaths = (
				"${TARGET_BUILD_DIR}/${FRAMEWORKS_FOLDER_PATH}/AFDateHelper.framework",
				"${TARGET_BUILD_DIR}/${FRAMEWORKS_FOLDER_PATH}/Alamofire.framework",
				"${TARGET_BUILD_DIR}/${FRAMEWORKS_FOLDER_PATH}/AlamofireImage.framework",
				"${TARGET_BUILD_DIR}/${FRAMEWORKS_FOLDER_PATH}/Koloda.framework",
				"${TARGET_BUILD_DIR}/${FRAMEWORKS_FOLDER_PATH}/Mixpanel.framework",
				"${TARGET_BUILD_DIR}/${FRAMEWORKS_FOLDER_PATH}/Mapper.framework",
				"${TARGET_BUILD_DIR}/${FRAMEWORKS_FOLDER_PATH}/Moya.framework",
				"${TARGET_BUILD_DIR}/${FRAMEWORKS_FOLDER_PATH}/Moya_ModelMapper.framework",
				"${TARGET_BUILD_DIR}/${FRAMEWORKS_FOLDER_PATH}/RequestKit.framework",
				"${TARGET_BUILD_DIR}/${FRAMEWORKS_FOLDER_PATH}/Octokit.framework",
				"${TARGET_BUILD_DIR}/${FRAMEWORKS_FOLDER_PATH}/Result.framework",
				"${TARGET_BUILD_DIR}/${FRAMEWORKS_FOLDER_PATH}/RxCocoa.framework",
				"${TARGET_BUILD_DIR}/${FRAMEWORKS_FOLDER_PATH}/RxSwift.framework",
				"${TARGET_BUILD_DIR}/${FRAMEWORKS_FOLDER_PATH}/SCLAlertView.framework",
				"${TARGET_BUILD_DIR}/${FRAMEWORKS_FOLDER_PATH}/SideMenu.framework",
				"${TARGET_BUILD_DIR}/${FRAMEWORKS_FOLDER_PATH}/SwiftSpinner.framework",
				"${TARGET_BUILD_DIR}/${FRAMEWORKS_FOLDER_PATH}/SwiftyBeaver.framework",
				"${TARGET_BUILD_DIR}/${FRAMEWORKS_FOLDER_PATH}/SwiftyUserDefaults.framework",
				"${TARGET_BUILD_DIR}/${FRAMEWORKS_FOLDER_PATH}/TTTAttributedLabel.framework",
				"${TARGET_BUILD_DIR}/${FRAMEWORKS_FOLDER_PATH}/WSTagsField.framework",
				"${TARGET_BUILD_DIR}/${FRAMEWORKS_FOLDER_PATH}/pop.framework",
			);
			runOnlyForDeploymentPostprocessing = 0;
			shellPath = /bin/sh;
			shellScript = "\"${SRCROOT}/Pods/Target Support Files/Pods-Gitcoin/Pods-Gitcoin-frameworks.sh\"\n";
			showEnvVarsInLog = 0;
		};
		C68C923E4F77838E8937A1F3 /* [CP] Check Pods Manifest.lock */ = {
			isa = PBXShellScriptBuildPhase;
			buildActionMask = 2147483647;
			files = (
			);
			inputPaths = (
				"${PODS_PODFILE_DIR_PATH}/Podfile.lock",
				"${PODS_ROOT}/Manifest.lock",
			);
			name = "[CP] Check Pods Manifest.lock";
			outputPaths = (
				"$(DERIVED_FILE_DIR)/Pods-GitcoinTests-checkManifestLockResult.txt",
			);
			runOnlyForDeploymentPostprocessing = 0;
			shellPath = /bin/sh;
			shellScript = "diff \"${PODS_PODFILE_DIR_PATH}/Podfile.lock\" \"${PODS_ROOT}/Manifest.lock\" > /dev/null\nif [ $? != 0 ] ; then\n    # print error to STDERR\n    echo \"error: The sandbox is not in sync with the Podfile.lock. Run 'pod install' or update your CocoaPods installation.\" >&2\n    exit 1\nfi\n# This output is used by Xcode 'outputs' to avoid re-running this script phase.\necho \"SUCCESS\" > \"${SCRIPT_OUTPUT_FILE_0}\"\n";
			showEnvVarsInLog = 0;
		};
		D3F348376CC5B73CA83BEF2B /* [CP] Embed Pods Frameworks */ = {
			isa = PBXShellScriptBuildPhase;
			buildActionMask = 2147483647;
			files = (
			);
			inputPaths = (
			);
			name = "[CP] Embed Pods Frameworks";
			outputPaths = (
			);
			runOnlyForDeploymentPostprocessing = 0;
			shellPath = /bin/sh;
			shellScript = "\"${SRCROOT}/Pods/Target Support Files/Pods-GitcoinTests/Pods-GitcoinTests-frameworks.sh\"\n";
			showEnvVarsInLog = 0;
		};
		ECAC74F216A55BEFF756C82C /* [CP] Embed Pods Frameworks */ = {
			isa = PBXShellScriptBuildPhase;
			buildActionMask = 2147483647;
			files = (
			);
			inputPaths = (
			);
			name = "[CP] Embed Pods Frameworks";
			outputPaths = (
			);
			runOnlyForDeploymentPostprocessing = 0;
			shellPath = /bin/sh;
			shellScript = "\"${SRCROOT}/Pods/Target Support Files/Pods-GitcoinUITests/Pods-GitcoinUITests-frameworks.sh\"\n";
			showEnvVarsInLog = 0;
		};
		F0E3AAADD2031D79174F05F5 /* [CP] Copy Pods Resources */ = {
			isa = PBXShellScriptBuildPhase;
			buildActionMask = 2147483647;
			files = (
			);
			inputPaths = (
			);
			name = "[CP] Copy Pods Resources";
			outputPaths = (
			);
			runOnlyForDeploymentPostprocessing = 0;
			shellPath = /bin/sh;
			shellScript = "\"${SRCROOT}/Pods/Target Support Files/Pods-GitcoinTests/Pods-GitcoinTests-resources.sh\"\n";
			showEnvVarsInLog = 0;
		};
/* End PBXShellScriptBuildPhase section */

/* Begin PBXSourcesBuildPhase section */
		2094606C1FA8AB8F00555F06 /* Sources */ = {
			isa = PBXSourcesBuildPhase;
			buildActionMask = 2147483647;
			files = (
				20B837421FABDC2D00680FC0 /* Bounty.swift in Sources */,
				2008F2C01FAF9E7B0030807F /* SideMenuNavigationController.swift in Sources */,
				20DF6AB31FD321B9000ADA04 /* Reachability.swift in Sources */,
				209460741FA8AB8F00555F06 /* AppDelegate.swift in Sources */,
				200D9F671FA8BBB0006C7C06 /* BountyCardViewController.swift in Sources */,
				201326541FBC7F5D001EC1B5 /* InfoViewController.swift in Sources */,
				20DF6AB11FD21410000ADA04 /* KeychainSwiftDistrib.swift in Sources */,
				202952B61FBC718100FEAB4F /* ProfileViewController.swift in Sources */,
				20B942BC1FA932110015481C /* BountyCardOverlayView.swift in Sources */,
				2088B0031FD32E01007F940C /* TrackingManager.swift in Sources */,
				20B8373E1FABD71E00680FC0 /* GitcoinAPIService.swift in Sources */,
				200DA7921FA9385A00FDCE67 /* BountyCardView.swift in Sources */,
				20B3CAD81FBDE1C9008FA651 /* EndOfBountiesCardView.swift in Sources */,
				207DAC101FD4CA6600CFB753 /* Config.swift in Sources */,
				20960ECF1FB53E4D0033A786 /* UserKeywordResult.swift in Sources */,
				200052F21FDC657400D1D8F8 /* NavigationController.swift in Sources */,
				2008F2C71FAFA6930030807F /* OctokitManager.swift in Sources */,
				20D60D671FC8A35600A8C7C6 /* GitCoinWSTagField.swift in Sources */,
				20559D661FB2771600170860 /* GlobalConstants.swift in Sources */,
				200D9F6B1FA8BBB0006C7C06 /* BountyCardKolodaAnimator.swift in Sources */,
				20B942C01FA932700015481C /* BountyKolodaView.swift in Sources */,
				2008F2C21FAFA1DA0030807F /* SideMenuTableViewController.swift in Sources */,
				20DF6AB51FD3226C000ADA04 /* NetworkReachability.swift in Sources */,
			);
			runOnlyForDeploymentPostprocessing = 0;
		};
		209460801FA8AB8F00555F06 /* Sources */ = {
			isa = PBXSourcesBuildPhase;
			buildActionMask = 2147483647;
			files = (
				209460891FA8AB8F00555F06 /* GitcoinTests.swift in Sources */,
			);
			runOnlyForDeploymentPostprocessing = 0;
		};
		2094608B1FA8AB8F00555F06 /* Sources */ = {
			isa = PBXSourcesBuildPhase;
			buildActionMask = 2147483647;
			files = (
				209460941FA8AB8F00555F06 /* GitcoinUITests.swift in Sources */,
			);
			runOnlyForDeploymentPostprocessing = 0;
		};
/* End PBXSourcesBuildPhase section */

/* Begin PBXTargetDependency section */
		209460861FA8AB8F00555F06 /* PBXTargetDependency */ = {
			isa = PBXTargetDependency;
			target = 2094606F1FA8AB8F00555F06 /* Gitcoin */;
			targetProxy = 209460851FA8AB8F00555F06 /* PBXContainerItemProxy */;
		};
		209460911FA8AB8F00555F06 /* PBXTargetDependency */ = {
			isa = PBXTargetDependency;
			target = 2094606F1FA8AB8F00555F06 /* Gitcoin */;
			targetProxy = 209460901FA8AB8F00555F06 /* PBXContainerItemProxy */;
		};
/* End PBXTargetDependency section */

/* Begin PBXVariantGroup section */
		2094607C1FA8AB8F00555F06 /* LaunchScreen.storyboard */ = {
			isa = PBXVariantGroup;
			children = (
				2094607D1FA8AB8F00555F06 /* Base */,
			);
			name = LaunchScreen.storyboard;
			sourceTree = "<group>";
		};
/* End PBXVariantGroup section */

/* Begin XCBuildConfiguration section */
		209460961FA8AB8F00555F06 /* Debug */ = {
			isa = XCBuildConfiguration;
			buildSettings = {
				ALWAYS_SEARCH_USER_PATHS = NO;
				CLANG_ANALYZER_NONNULL = YES;
				CLANG_ANALYZER_NUMBER_OBJECT_CONVERSION = YES_AGGRESSIVE;
				CLANG_CXX_LANGUAGE_STANDARD = "gnu++14";
				CLANG_CXX_LIBRARY = "libc++";
				CLANG_ENABLE_MODULES = YES;
				CLANG_ENABLE_OBJC_ARC = YES;
				CLANG_WARN_BLOCK_CAPTURE_AUTORELEASING = YES;
				CLANG_WARN_BOOL_CONVERSION = YES;
				CLANG_WARN_COMMA = YES;
				CLANG_WARN_CONSTANT_CONVERSION = YES;
				CLANG_WARN_DIRECT_OBJC_ISA_USAGE = YES_ERROR;
				CLANG_WARN_DOCUMENTATION_COMMENTS = YES;
				CLANG_WARN_EMPTY_BODY = YES;
				CLANG_WARN_ENUM_CONVERSION = YES;
				CLANG_WARN_INFINITE_RECURSION = YES;
				CLANG_WARN_INT_CONVERSION = YES;
				CLANG_WARN_NON_LITERAL_NULL_CONVERSION = YES;
				CLANG_WARN_OBJC_LITERAL_CONVERSION = YES;
				CLANG_WARN_OBJC_ROOT_CLASS = YES_ERROR;
				CLANG_WARN_RANGE_LOOP_ANALYSIS = YES;
				CLANG_WARN_STRICT_PROTOTYPES = YES;
				CLANG_WARN_SUSPICIOUS_MOVE = YES;
				CLANG_WARN_UNGUARDED_AVAILABILITY = YES_AGGRESSIVE;
				CLANG_WARN_UNREACHABLE_CODE = YES;
				CLANG_WARN__DUPLICATE_METHOD_MATCH = YES;
				CODE_SIGN_IDENTITY = "iPhone Developer";
				COPY_PHASE_STRIP = NO;
				DEBUG_INFORMATION_FORMAT = dwarf;
				ENABLE_STRICT_OBJC_MSGSEND = YES;
				ENABLE_TESTABILITY = YES;
				GCC_C_LANGUAGE_STANDARD = gnu11;
				GCC_DYNAMIC_NO_PIC = NO;
				GCC_NO_COMMON_BLOCKS = YES;
				GCC_OPTIMIZATION_LEVEL = 0;
				GCC_PREPROCESSOR_DEFINITIONS = (
					"DEBUG=1",
					"$(inherited)",
				);
				GCC_WARN_64_TO_32_BIT_CONVERSION = YES;
				GCC_WARN_ABOUT_RETURN_TYPE = YES_ERROR;
				GCC_WARN_UNDECLARED_SELECTOR = YES;
				GCC_WARN_UNINITIALIZED_AUTOS = YES_AGGRESSIVE;
				GCC_WARN_UNUSED_FUNCTION = YES;
				GCC_WARN_UNUSED_VARIABLE = YES;
				IPHONEOS_DEPLOYMENT_TARGET = 11.0;
				MTL_ENABLE_DEBUG_INFO = YES;
				ONLY_ACTIVE_ARCH = YES;
				SDKROOT = iphoneos;
				SWIFT_ACTIVE_COMPILATION_CONDITIONS = DEBUG;
				SWIFT_OPTIMIZATION_LEVEL = "-Onone";
			};
			name = Debug;
		};
		209460971FA8AB8F00555F06 /* Release */ = {
			isa = XCBuildConfiguration;
			buildSettings = {
				ALWAYS_SEARCH_USER_PATHS = NO;
				CLANG_ANALYZER_NONNULL = YES;
				CLANG_ANALYZER_NUMBER_OBJECT_CONVERSION = YES_AGGRESSIVE;
				CLANG_CXX_LANGUAGE_STANDARD = "gnu++14";
				CLANG_CXX_LIBRARY = "libc++";
				CLANG_ENABLE_MODULES = YES;
				CLANG_ENABLE_OBJC_ARC = YES;
				CLANG_WARN_BLOCK_CAPTURE_AUTORELEASING = YES;
				CLANG_WARN_BOOL_CONVERSION = YES;
				CLANG_WARN_COMMA = YES;
				CLANG_WARN_CONSTANT_CONVERSION = YES;
				CLANG_WARN_DIRECT_OBJC_ISA_USAGE = YES_ERROR;
				CLANG_WARN_DOCUMENTATION_COMMENTS = YES;
				CLANG_WARN_EMPTY_BODY = YES;
				CLANG_WARN_ENUM_CONVERSION = YES;
				CLANG_WARN_INFINITE_RECURSION = YES;
				CLANG_WARN_INT_CONVERSION = YES;
				CLANG_WARN_NON_LITERAL_NULL_CONVERSION = YES;
				CLANG_WARN_OBJC_LITERAL_CONVERSION = YES;
				CLANG_WARN_OBJC_ROOT_CLASS = YES_ERROR;
				CLANG_WARN_RANGE_LOOP_ANALYSIS = YES;
				CLANG_WARN_STRICT_PROTOTYPES = YES;
				CLANG_WARN_SUSPICIOUS_MOVE = YES;
				CLANG_WARN_UNGUARDED_AVAILABILITY = YES_AGGRESSIVE;
				CLANG_WARN_UNREACHABLE_CODE = YES;
				CLANG_WARN__DUPLICATE_METHOD_MATCH = YES;
				CODE_SIGN_IDENTITY = "iPhone Developer";
				COPY_PHASE_STRIP = NO;
				DEBUG_INFORMATION_FORMAT = "dwarf-with-dsym";
				ENABLE_NS_ASSERTIONS = NO;
				ENABLE_STRICT_OBJC_MSGSEND = YES;
				GCC_C_LANGUAGE_STANDARD = gnu11;
				GCC_NO_COMMON_BLOCKS = YES;
				GCC_WARN_64_TO_32_BIT_CONVERSION = YES;
				GCC_WARN_ABOUT_RETURN_TYPE = YES_ERROR;
				GCC_WARN_UNDECLARED_SELECTOR = YES;
				GCC_WARN_UNINITIALIZED_AUTOS = YES_AGGRESSIVE;
				GCC_WARN_UNUSED_FUNCTION = YES;
				GCC_WARN_UNUSED_VARIABLE = YES;
				IPHONEOS_DEPLOYMENT_TARGET = 11.0;
				MTL_ENABLE_DEBUG_INFO = NO;
				SDKROOT = iphoneos;
				SWIFT_OPTIMIZATION_LEVEL = "-Owholemodule";
				VALIDATE_PRODUCT = YES;
			};
			name = Release;
		};
		209460991FA8AB8F00555F06 /* Debug */ = {
			isa = XCBuildConfiguration;
			baseConfigurationReference = 63154C70D0D3D17CE67806F2 /* Pods-Gitcoin.debug.xcconfig */;
			buildSettings = {
				ASSETCATALOG_COMPILER_APPICON_NAME = AppIcon;
				CODE_SIGN_ENTITLEMENTS = Gitcoin/Gitcoin.entitlements;
				CODE_SIGN_STYLE = Automatic;
				DEVELOPMENT_TEAM = 6H25V2ES8G;
				INFOPLIST_FILE = Gitcoin/Info.plist;
				LD_RUNPATH_SEARCH_PATHS = "$(inherited) @executable_path/Frameworks";
				PRODUCT_BUNDLE_IDENTIFIER = co.gitcoin.gitcoin;
				PRODUCT_NAME = "$(TARGET_NAME)";
				SWIFT_VERSION = 3.0;
				TARGETED_DEVICE_FAMILY = "1,2";
			};
			name = Debug;
		};
		2094609A1FA8AB8F00555F06 /* Release */ = {
			isa = XCBuildConfiguration;
			baseConfigurationReference = 9E538F3788C0D0832D3816E2 /* Pods-Gitcoin.release.xcconfig */;
			buildSettings = {
				ASSETCATALOG_COMPILER_APPICON_NAME = AppIcon;
				CODE_SIGN_ENTITLEMENTS = Gitcoin/Gitcoin.entitlements;
				CODE_SIGN_STYLE = Automatic;
				DEVELOPMENT_TEAM = 6H25V2ES8G;
				INFOPLIST_FILE = Gitcoin/Info.plist;
				LD_RUNPATH_SEARCH_PATHS = "$(inherited) @executable_path/Frameworks";
				PRODUCT_BUNDLE_IDENTIFIER = co.gitcoin.gitcoin;
				PRODUCT_NAME = "$(TARGET_NAME)";
				SWIFT_VERSION = 3.0;
				TARGETED_DEVICE_FAMILY = "1,2";
			};
			name = Release;
		};
		2094609C1FA8AB8F00555F06 /* Debug */ = {
			isa = XCBuildConfiguration;
			baseConfigurationReference = 7A16EC471D73DFDD391CCC07 /* Pods-GitcoinTests.debug.xcconfig */;
			buildSettings = {
				ALWAYS_EMBED_SWIFT_STANDARD_LIBRARIES = YES;
				BUNDLE_LOADER = "$(TEST_HOST)";
				CODE_SIGN_STYLE = Automatic;
				INFOPLIST_FILE = GitcoinTests/Info.plist;
				LD_RUNPATH_SEARCH_PATHS = "$(inherited) @executable_path/Frameworks @loader_path/Frameworks";
				PRODUCT_BUNDLE_IDENTIFIER = Gitcoin.GitcoinTests;
				PRODUCT_NAME = "$(TARGET_NAME)";
				SWIFT_VERSION = 4.0;
				TARGETED_DEVICE_FAMILY = "1,2";
				TEST_HOST = "$(BUILT_PRODUCTS_DIR)/Gitcoin.app/Gitcoin";
			};
			name = Debug;
		};
		2094609D1FA8AB8F00555F06 /* Release */ = {
			isa = XCBuildConfiguration;
			baseConfigurationReference = F77ED90C268155D2AFB9F4A3 /* Pods-GitcoinTests.release.xcconfig */;
			buildSettings = {
				ALWAYS_EMBED_SWIFT_STANDARD_LIBRARIES = YES;
				BUNDLE_LOADER = "$(TEST_HOST)";
				CODE_SIGN_STYLE = Automatic;
				INFOPLIST_FILE = GitcoinTests/Info.plist;
				LD_RUNPATH_SEARCH_PATHS = "$(inherited) @executable_path/Frameworks @loader_path/Frameworks";
				PRODUCT_BUNDLE_IDENTIFIER = Gitcoin.GitcoinTests;
				PRODUCT_NAME = "$(TARGET_NAME)";
				SWIFT_VERSION = 4.0;
				TARGETED_DEVICE_FAMILY = "1,2";
				TEST_HOST = "$(BUILT_PRODUCTS_DIR)/Gitcoin.app/Gitcoin";
			};
			name = Release;
		};
		2094609F1FA8AB8F00555F06 /* Debug */ = {
			isa = XCBuildConfiguration;
			baseConfigurationReference = 349DAD1AE1F9779BF95D48CE /* Pods-GitcoinUITests.debug.xcconfig */;
			buildSettings = {
				ALWAYS_EMBED_SWIFT_STANDARD_LIBRARIES = YES;
				CODE_SIGN_STYLE = Automatic;
				INFOPLIST_FILE = GitcoinUITests/Info.plist;
				LD_RUNPATH_SEARCH_PATHS = "$(inherited) @executable_path/Frameworks @loader_path/Frameworks";
				PRODUCT_BUNDLE_IDENTIFIER = Gitcoin.GitcoinUITests;
				PRODUCT_NAME = "$(TARGET_NAME)";
				SWIFT_VERSION = 4.0;
				TARGETED_DEVICE_FAMILY = "1,2";
				TEST_TARGET_NAME = Gitcoin;
			};
			name = Debug;
		};
		209460A01FA8AB8F00555F06 /* Release */ = {
			isa = XCBuildConfiguration;
			baseConfigurationReference = EA81239839769D653CE8E0F2 /* Pods-GitcoinUITests.release.xcconfig */;
			buildSettings = {
				ALWAYS_EMBED_SWIFT_STANDARD_LIBRARIES = YES;
				CODE_SIGN_STYLE = Automatic;
				INFOPLIST_FILE = GitcoinUITests/Info.plist;
				LD_RUNPATH_SEARCH_PATHS = "$(inherited) @executable_path/Frameworks @loader_path/Frameworks";
				PRODUCT_BUNDLE_IDENTIFIER = Gitcoin.GitcoinUITests;
				PRODUCT_NAME = "$(TARGET_NAME)";
				SWIFT_VERSION = 4.0;
				TARGETED_DEVICE_FAMILY = "1,2";
				TEST_TARGET_NAME = Gitcoin;
			};
			name = Release;
		};
/* End XCBuildConfiguration section */

/* Begin XCConfigurationList section */
		2094606B1FA8AB8F00555F06 /* Build configuration list for PBXProject "Gitcoin" */ = {
			isa = XCConfigurationList;
			buildConfigurations = (
				209460961FA8AB8F00555F06 /* Debug */,
				209460971FA8AB8F00555F06 /* Release */,
			);
			defaultConfigurationIsVisible = 0;
			defaultConfigurationName = Release;
		};
		209460981FA8AB8F00555F06 /* Build configuration list for PBXNativeTarget "Gitcoin" */ = {
			isa = XCConfigurationList;
			buildConfigurations = (
				209460991FA8AB8F00555F06 /* Debug */,
				2094609A1FA8AB8F00555F06 /* Release */,
			);
			defaultConfigurationIsVisible = 0;
			defaultConfigurationName = Release;
		};
		2094609B1FA8AB8F00555F06 /* Build configuration list for PBXNativeTarget "GitcoinTests" */ = {
			isa = XCConfigurationList;
			buildConfigurations = (
				2094609C1FA8AB8F00555F06 /* Debug */,
				2094609D1FA8AB8F00555F06 /* Release */,
			);
			defaultConfigurationIsVisible = 0;
			defaultConfigurationName = Release;
		};
		2094609E1FA8AB8F00555F06 /* Build configuration list for PBXNativeTarget "GitcoinUITests" */ = {
			isa = XCConfigurationList;
			buildConfigurations = (
				2094609F1FA8AB8F00555F06 /* Debug */,
				209460A01FA8AB8F00555F06 /* Release */,
			);
			defaultConfigurationIsVisible = 0;
			defaultConfigurationName = Release;
		};
/* End XCConfigurationList section */
	};
	rootObject = 209460681FA8AB8F00555F06 /* Project object */;
}
